
Microsoft Visual Studio Solution File, Format Version 12.00
# Visual Studio 15
VisualStudioVersion = 15.0.27004.2010
MinimumVisualStudioVersion = 10.0.40219.1
Project("{FAE04EC0-301F-11D3-BF4B-00C04F79EFBC}") = "1.UnitTests", "Automatyzacja2017\1.UnitTests.csproj", "{A8B996D5-3C17-4EFE-A7F8-F0C2736E430D}"
EndProject
Project("{FAE04EC0-301F-11D3-BF4B-00C04F79EFBC}") = "2.SeleniumIntrodution", "MySelenium\2.SeleniumIntrodution.csproj", "{26EF1C60-90E8-4A9D-B98B-645E1CF5C28E}"
EndProject
Project("{2150E333-8FDC-42A3-9474-1A3956D46DE8}") = "PageObjects", "PageObjects", "{17A66019-44C5-466C-A5BA-49CB857ADC9F}"
EndProject
Project("{FAE04EC0-301F-11D3-BF4B-00C04F79EFBC}") = "SimpleStaticPageObjects", "PageObjectTests\SimpleStaticPageObjects.csproj", "{843B4858-7A43-45CB-B705-0A11F9625A25}"
EndProject
Project("{FAE04EC0-301F-11D3-BF4B-00C04F79EFBC}") = "StaticPageObjectsWithExtensionMethod", "StaticPageObjectsWithExtensionMethod\StaticPageObjectsWithExtensionMethod.csproj", "{5AAB7BCD-6CD2-4953-887F-D6AF7802C20E}"
EndProject
Project("{FAE04EC0-301F-11D3-BF4B-00C04F79EFBC}") = "FullObjectPageObjects", "FullObjectPageObjects\FullObjectPageObjects.csproj", "{6E57EEF8-8A96-426D-9C32-983CD2C3E32B}"
EndProject
Global
	GlobalSection(SolutionConfigurationPlatforms) = preSolution
		Debug|Any CPU = Debug|Any CPU
		Release|Any CPU = Release|Any CPU
	EndGlobalSection
	GlobalSection(ProjectConfigurationPlatforms) = postSolution
		{A8B996D5-3C17-4EFE-A7F8-F0C2736E430D}.Debug|Any CPU.ActiveCfg = Debug|Any CPU
		{A8B996D5-3C17-4EFE-A7F8-F0C2736E430D}.Debug|Any CPU.Build.0 = Debug|Any CPU
		{A8B996D5-3C17-4EFE-A7F8-F0C2736E430D}.Release|Any CPU.ActiveCfg = Release|Any CPU
		{A8B996D5-3C17-4EFE-A7F8-F0C2736E430D}.Release|Any CPU.Build.0 = Release|Any CPU
		{26EF1C60-90E8-4A9D-B98B-645E1CF5C28E}.Debug|Any CPU.ActiveCfg = Debug|Any CPU
		{26EF1C60-90E8-4A9D-B98B-645E1CF5C28E}.Debug|Any CPU.Build.0 = Debug|Any CPU
		{26EF1C60-90E8-4A9D-B98B-645E1CF5C28E}.Release|Any CPU.ActiveCfg = Release|Any CPU
		{26EF1C60-90E8-4A9D-B98B-645E1CF5C28E}.Release|Any CPU.Build.0 = Release|Any CPU
		{843B4858-7A43-45CB-B705-0A11F9625A25}.Debug|Any CPU.ActiveCfg = Debug|Any CPU
		{843B4858-7A43-45CB-B705-0A11F9625A25}.Debug|Any CPU.Build.0 = Debug|Any CPU
		{843B4858-7A43-45CB-B705-0A11F9625A25}.Release|Any CPU.ActiveCfg = Release|Any CPU
		{843B4858-7A43-45CB-B705-0A11F9625A25}.Release|Any CPU.Build.0 = Release|Any CPU
		{5AAB7BCD-6CD2-4953-887F-D6AF7802C20E}.Debug|Any CPU.ActiveCfg = Debug|Any CPU
		{5AAB7BCD-6CD2-4953-887F-D6AF7802C20E}.Debug|Any CPU.Build.0 = Debug|Any CPU
		{5AAB7BCD-6CD2-4953-887F-D6AF7802C20E}.Release|Any CPU.ActiveCfg = Release|Any CPU
		{5AAB7BCD-6CD2-4953-887F-D6AF7802C20E}.Release|Any CPU.Build.0 = Release|Any CPU
		{6E57EEF8-8A96-426D-9C32-983CD2C3E32B}.Debug|Any CPU.ActiveCfg = Debug|Any CPU
		{6E57EEF8-8A96-426D-9C32-983CD2C3E32B}.Debug|Any CPU.Build.0 = Debug|Any CPU
		{6E57EEF8-8A96-426D-9C32-983CD2C3E32B}.Release|Any CPU.ActiveCfg = Release|Any CPU
		{6E57EEF8-8A96-426D-9C32-983CD2C3E32B}.Release|Any CPU.Build.0 = Release|Any CPU
	EndGlobalSection
	GlobalSection(SolutionProperties) = preSolution
		HideSolutionNode = FALSE
	EndGlobalSection
	GlobalSection(NestedProjects) = preSolution
		{843B4858-7A43-45CB-B705-0A11F9625A25} = {17A66019-44C5-466C-A5BA-49CB857ADC9F}
		{5AAB7BCD-6CD2-4953-887F-D6AF7802C20E} = {17A66019-44C5-466C-A5BA-49CB857ADC9F}
		{6E57EEF8-8A96-426D-9C32-983CD2C3E32B} = {17A66019-44C5-466C-A5BA-49CB857ADC9F}
	EndGlobalSection
	GlobalSection(ExtensibilityGlobals) = postSolution
		SolutionGuid = {50F19D69-C990-4D9F-8ACB-D11ABC9926D3}
	EndGlobalSection
EndGlobal
